
Microsoft Visual Studio Solution File, Format Version 12.00
# Visual Studio 15
VisualStudioVersion = 15.0.27004.2009
MinimumVisualStudioVersion = 10.0.40219.1
Project("{FAE04EC0-301F-11D3-BF4B-00C04F79EFBC}") = "Setup", "Setup\Setup.csproj", "{7ACD203B-FB24-4BE1-BB9B-38C1186AFF6D}"
EndProject
Global
	GlobalSection(SolutionConfigurationPlatforms) = preSolution
		Debug|Any CPU = Debug|Any CPU
		Release|Any CPU = Release|Any CPU
	EndGlobalSection
	GlobalSection(ProjectConfigurationPlatforms) = postSolution
		{7ACD203B-FB24-4BE1-BB9B-38C1186AFF6D}.Debug|Any CPU.ActiveCfg = Debug|Any CPU
		{7ACD203B-FB24-4BE1-BB9B-38C1186AFF6D}.Debug|Any CPU.Build.0 = Debug|Any CPU
		{7ACD203B-FB24-4BE1-BB9B-38C1186AFF6D}.Release|Any CPU.ActiveCfg = Release|Any CPU
		{7ACD203B-FB24-4BE1-BB9B-38C1186AFF6D}.Release|Any CPU.Build.0 = Release|Any CPU
	EndGlobalSection
	GlobalSection(SolutionProperties) = preSolution
		HideSolutionNode = FALSE
	EndGlobalSection
	GlobalSection(ExtensibilityGlobals) = postSolution
		SolutionGuid = {C67C2634-6830-4B64-ABCB-5DAA10202ECD}
	EndGlobalSection
EndGlobal
